<?xml version="1.0" encoding="utf-8"?>
<Project ToolsVersion="4.0" xmlns="http://schemas.microsoft.com/developer/msbuild/2003">
  <ItemGroup>
    <Filter Include="Source Files">
      <UniqueIdentifier>{4FC737F1-C7A5-4376-A066-2A32D752A2FF}</UniqueIdentifier>
      <Extensions>cpp;c;cc;cxx;def;odl;idl;hpj;bat;asm;asmx</Extensions>
    </Filter>
    <Filter Include="Header Files">
      <UniqueIdentifier>{93995380-89BD-4b04-88EB-625FBE52EBFB}</UniqueIdentifier>
      <Extensions>h;hh;hpp;hxx;hm;inl;inc;ipp;xsd</Extensions>
    </Filter>
    <Filter Include="Resource Files">
      <UniqueIdentifier>{67DA6AB6-F800-4c08-8B7A-83BB121AAD01}</UniqueIdentifier>
      <Extensions>rc;ico;cur;bmp;dlg;rc2;rct;bin;rgs;gif;jpg;jpeg;jpe;resx;tiff;tif;png;wav;mfcribbon-ms</Extensions>
    </Filter>
  </ItemGroup>
  <ItemGroup>
    <ClInclude Include="stdafx.h">
      <Filter>Header Files</Filter>
    </ClInclude>
    <ClInclude Include="targetver.h">
      <Filter>Header Files</Filter>
    </ClInclude>
    <ClInclude Include="..\dominion\dominion.h">
      <Filter>Source Files</Filter>
    </ClInclude>
    <ClInclude Include="..\dominion\dominion_helpers.h">
      <Filter>Source Files</Filter>
    </ClInclude>
    <ClInclude Include="..\dominion\interface.h">
      <Filter>Source Files</Filter>
    </ClInclude>
    <ClInclude Include="..\dominion\rngs.h">
      <Filter>Source Files</Filter>
    </ClInclude>
  </ItemGroup>
  <ItemGroup>
    <ClCompile Include="stdafx.cpp">
      <Filter>Source Files</Filter>
    </ClCompile>
    <ClCompile Include="kruegerd-Dominion.cpp">
      <Filter>Source Files</Filter>
    </ClCompile>
    <ClCompile Include="..\dominion\badTestDrawCard.c">
      <Filter>Source Files</Filter>
    </ClCompile>
    <ClCompile Include="..\dominion\betterTestDrawCard.c">
      <Filter>Source Files</Filter>
    </ClCompile>
    <ClCompile Include="..\dominion\dominion.c">
      <Filter>Source Files</Filter>
    </ClCompile>
    <ClCompile Include="..\dominion\interface.c">
      <Filter>Source Files</Filter>
    </ClCompile>
    <ClCompile Include="..\dominion\playdom.c">
      <Filter>Source Files</Filter>
    </ClCompile>
    <ClCompile Include="..\dominion\player.c">
      <Filter>Source Files</Filter>
    </ClCompile>
    <ClCompile Include="..\dominion\rngs.c">
      <Filter>Source Files</Filter>
    </ClCompile>
    <ClCompile Include="..\dominion\rt.c">
      <Filter>Source Files</Filter>
    </ClCompile>
    <ClCompile Include="..\dominion\supplyTest.c">
      <Filter>Source Files</Filter>
    </ClCompile>
    <ClCompile Include="..\dominion\testBuyCard.c">
      <Filter>Source Files</Filter>
    </ClCompile>
    <ClCompile Include="..\dominion\testDrawCard.c">
      <Filter>Source Files</Filter>
    </ClCompile>
    <ClCompile Include="..\dominion\testInit.c">
      <Filter>Source Files</Filter>
    </ClCompile>
    <ClCompile Include="..\dominion\testShuffle.c">
      <Filter>Source Files</Filter>
    </ClCompile>
  </ItemGroup>
  <ItemGroup>
    <None Include="..\dominion\badTestDrawCard">
      <Filter>Source Files</Filter>
    </None>
    <None Include="..\dominion\dominion.gcda">
      <Filter>Source Files</Filter>
    </None>
    <None Include="..\dominion\dominion.gcno">
      <Filter>Source Files</Filter>
    </None>
    <None Include="..\dominion\interface.gcno">
      <Filter>Source Files</Filter>
    </None>
    <None Include="..\dominion\Makefile">
      <Filter>Source Files</Filter>
    </None>
    <None Include="..\dominion\Makefile~">
      <Filter>Source Files</Filter>
    </None>
    <None Include="..\dominion\playdom">
      <Filter>Source Files</Filter>
    </None>
    <None Include="..\dominion\playdom.gcda">
      <Filter>Source Files</Filter>
    </None>
    <None Include="..\dominion\playdom.gcno">
      <Filter>Source Files</Filter>
    </None>
    <None Include="..\dominion\player">
      <Filter>Source Files</Filter>
    </None>
    <None Include="..\dominion\player.gcno">
      <Filter>Source Files</Filter>
    </None>
    <None Include="..\dominion\READM.md">
      <Filter>Source Files</Filter>
    </None>
    <None Include="..\dominion\rngs.gcda">
      <Filter>Source Files</Filter>
    </None>
    <None Include="..\dominion\rngs.gcno">
      <Filter>Source Files</Filter>
    </None>
  </ItemGroup>
  <ItemGroup>
    <Object Include="..\dominion\dominion.o">
      <Filter>Source Files</Filter>
    </Object>
    <Object Include="..\dominion\interface.o">
      <Filter>Source Files</Filter>
    </Object>
    <Object Include="..\dominion\rngs.o">
      <Filter>Source Files</Filter>
    </Object>
  </ItemGroup>
</Project>